// !$*UTF8*$!
{
	archiveVersion = 1;
	classes = {
	};
	objectVersion = 46;
	objects = {

/* Begin PBXBuildFile section */
		BD5ECF881E28EF0300E33615 /* AppDelegate.swift in Sources */ = {isa = PBXBuildFile; fileRef = BD5ECF871E28EF0300E33615 /* AppDelegate.swift */; };
		BD5ECF8A1E28EF0300E33615 /* ViewController.swift in Sources */ = {isa = PBXBuildFile; fileRef = BD5ECF891E28EF0300E33615 /* ViewController.swift */; };
		BD5ECF8D1E28EF0300E33615 /* Main.storyboard in Resources */ = {isa = PBXBuildFile; fileRef = BD5ECF8B1E28EF0300E33615 /* Main.storyboard */; };
		BD5ECF8F1E28EF0300E33615 /* Assets.xcassets in Resources */ = {isa = PBXBuildFile; fileRef = BD5ECF8E1E28EF0300E33615 /* Assets.xcassets */; };
		BD5ECF921E28EF0300E33615 /* LaunchScreen.storyboard in Resources */ = {isa = PBXBuildFile; fileRef = BD5ECF901E28EF0300E33615 /* LaunchScreen.storyboard */; };
		BD5ECF9D1E28EF0300E33615 /* TechMonTests.swift in Sources */ = {isa = PBXBuildFile; fileRef = BD5ECF9C1E28EF0300E33615 /* TechMonTests.swift */; };
		BD5ECFA81E28EF0300E33615 /* TechMonUITests.swift in Sources */ = {isa = PBXBuildFile; fileRef = BD5ECFA71E28EF0300E33615 /* TechMonUITests.swift */; };
/* End PBXBuildFile section */

/* Begin PBXContainerItemProxy section */
		BD5ECF991E28EF0300E33615 /* PBXContainerItemProxy */ = {
			isa = PBXContainerItemProxy;
			containerPortal = BD5ECF7C1E28EF0200E33615 /* Project object */;
			proxyType = 1;
			remoteGlobalIDString = BD5ECF831E28EF0200E33615;
			remoteInfo = TechMon;
		};
		BD5ECFA41E28EF0300E33615 /* PBXContainerItemProxy */ = {
			isa = PBXContainerItemProxy;
			containerPortal = BD5ECF7C1E28EF0200E33615 /* Project object */;
			proxyType = 1;
			remoteGlobalIDString = BD5ECF831E28EF0200E33615;
			remoteInfo = TechMon;
		};
/* End PBXContainerItemProxy section */

/* Begin PBXFileReference section */
		BD5ECF841E28EF0300E33615 /* TechMon.app */ = {isa = PBXFileReference; explicitFileType = wrapper.application; includeInIndex = 0; path = TechMon.app; sourceTree = BUILT_PRODUCTS_DIR; };
		BD5ECF871E28EF0300E33615 /* AppDelegate.swift */ = {isa = PBXFileReference; lastKnownFileType = sourcecode.swift; path = AppDelegate.swift; sourceTree = "<group>"; };
		BD5ECF891E28EF0300E33615 /* ViewController.swift */ = {isa = PBXFileReference; lastKnownFileType = sourcecode.swift; path = ViewController.swift; sourceTree = "<group>"; };
		BD5ECF8C1E28EF0300E33615 /* Base */ = {isa = PBXFileReference; lastKnownFileType = file.storyboard; name = Base; path = Base.lproj/Main.storyboard; sourceTree = "<group>"; };
		BD5ECF8E1E28EF0300E33615 /* Assets.xcassets */ = {isa = PBXFileReference; lastKnownFileType = folder.assetcatalog; path = Assets.xcassets; sourceTree = "<group>"; };
		BD5ECF911E28EF0300E33615 /* Base */ = {isa = PBXFileReference; lastKnownFileType = file.storyboard; name = Base; path = Base.lproj/LaunchScreen.storyboard; sourceTree = "<group>"; };
		BD5ECF931E28EF0300E33615 /* Info.plist */ = {isa = PBXFileReference; lastKnownFileType = text.plist.xml; path = Info.plist; sourceTree = "<group>"; };
		BD5ECF981E28EF0300E33615 /* TechMonTests.xctest */ = {isa = PBXFileReference; explicitFileType = wrapper.cfbundle; includeInIndex = 0; path = TechMonTests.xctest; sourceTree = BUILT_PRODUCTS_DIR; };
		BD5ECF9C1E28EF0300E33615 /* TechMonTests.swift */ = {isa = PBXFileReference; lastKnownFileType = sourcecode.swift; path = TechMonTests.swift; sourceTree = "<group>"; };
		BD5ECF9E1E28EF0300E33615 /* Info.plist */ = {isa = PBXFileReference; lastKnownFileType = text.plist.xml; path = Info.plist; sourceTree = "<group>"; };
		BD5ECFA31E28EF0300E33615 /* TechMonUITests.xctest */ = {isa = PBXFileReference; explicitFileType = wrapper.cfbundle; includeInIndex = 0; path = TechMonUITests.xctest; sourceTree = BUILT_PRODUCTS_DIR; };
		BD5ECFA71E28EF0300E33615 /* TechMonUITests.swift */ = {isa = PBXFileReference; lastKnownFileType = sourcecode.swift; path = TechMonUITests.swift; sourceTree = "<group>"; };
		BD5ECFA91E28EF0300E33615 /* Info.plist */ = {isa = PBXFileReference; lastKnownFileType = text.plist.xml; path = Info.plist; sourceTree = "<group>"; };
/* End PBXFileReference section */

/* Begin PBXFrameworksBuildPhase section */
		BD5ECF811E28EF0200E33615 /* Frameworks */ = {
			isa = PBXFrameworksBuildPhase;
			buildActionMask = 2147483647;
			files = (
			);
			runOnlyForDeploymentPostprocessing = 0;
		};
		BD5ECF951E28EF0300E33615 /* Frameworks */ = {
			isa = PBXFrameworksBuildPhase;
			buildActionMask = 2147483647;
			files = (
			);
			runOnlyForDeploymentPostprocessing = 0;
		};
		BD5ECFA01E28EF0300E33615 /* Frameworks */ = {
			isa = PBXFrameworksBuildPhase;
			buildActionMask = 2147483647;
			files = (
			);
			runOnlyForDeploymentPostprocessing = 0;
		};
/* End PBXFrameworksBuildPhase section */

/* Begin PBXGroup section */
		BD5ECF7B1E28EF0200E33615 = {
			isa = PBXGroup;
			children = (
				BD5ECF861E28EF0300E33615 /* TechMon */,
				BD5ECF9B1E28EF0300E33615 /* TechMonTests */,
				BD5ECFA61E28EF0300E33615 /* TechMonUITests */,
				BD5ECF851E28EF0300E33615 /* Products */,
			);
			sourceTree = "<group>";
		};
		BD5ECF851E28EF0300E33615 /* Products */ = {
			isa = PBXGroup;
			children = (
				BD5ECF841E28EF0300E33615 /* TechMon.app */,
				BD5ECF981E28EF0300E33615 /* TechMonTests.xctest */,
				BD5ECFA31E28EF0300E33615 /* TechMonUITests.xctest */,
			);
			name = Products;
			sourceTree = "<group>";
		};
		BD5ECF861E28EF0300E33615 /* TechMon */ = {
			isa = PBXGroup;
			children = (
				BD5ECF871E28EF0300E33615 /* AppDelegate.swift */,
				BD5ECF891E28EF0300E33615 /* ViewController.swift */,
				BD5ECF8B1E28EF0300E33615 /* Main.storyboard */,
				BD5ECF8E1E28EF0300E33615 /* Assets.xcassets */,
				BD5ECF901E28EF0300E33615 /* LaunchScreen.storyboard */,
				BD5ECF931E28EF0300E33615 /* Info.plist */,
			);
			path = TechMon;
			sourceTree = "<group>";
		};
		BD5ECF9B1E28EF0300E33615 /* TechMonTests */ = {
			isa = PBXGroup;
			children = (
				BD5ECF9C1E28EF0300E33615 /* TechMonTests.swift */,
				BD5ECF9E1E28EF0300E33615 /* Info.plist */,
			);
			path = TechMonTests;
			sourceTree = "<group>";
		};
		BD5ECFA61E28EF0300E33615 /* TechMonUITests */ = {
			isa = PBXGroup;
			children = (
				BD5ECFA71E28EF0300E33615 /* TechMonUITests.swift */,
				BD5ECFA91E28EF0300E33615 /* Info.plist */,
			);
			path = TechMonUITests;
			sourceTree = "<group>";
		};
/* End PBXGroup section */

/* Begin PBXNativeTarget section */
		BD5ECF831E28EF0200E33615 /* TechMon */ = {
			isa = PBXNativeTarget;
			buildConfigurationList = BD5ECFAC1E28EF0300E33615 /* Build configuration list for PBXNativeTarget "TechMon" */;
			buildPhases = (
				BD5ECF801E28EF0200E33615 /* Sources */,
				BD5ECF811E28EF0200E33615 /* Frameworks */,
				BD5ECF821E28EF0200E33615 /* Resources */,
			);
			buildRules = (
			);
			dependencies = (
			);
			name = TechMon;
			productName = TechMon;
			productReference = BD5ECF841E28EF0300E33615 /* TechMon.app */;
			productType = "com.apple.product-type.application";
		};
		BD5ECF971E28EF0300E33615 /* TechMonTests */ = {
			isa = PBXNativeTarget;
			buildConfigurationList = BD5ECFAF1E28EF0300E33615 /* Build configuration list for PBXNativeTarget "TechMonTests" */;
			buildPhases = (
				BD5ECF941E28EF0300E33615 /* Sources */,
				BD5ECF951E28EF0300E33615 /* Frameworks */,
				BD5ECF961E28EF0300E33615 /* Resources */,
			);
			buildRules = (
			);
			dependencies = (
				BD5ECF9A1E28EF0300E33615 /* PBXTargetDependency */,
			);
			name = TechMonTests;
			productName = TechMonTests;
			productReference = BD5ECF981E28EF0300E33615 /* TechMonTests.xctest */;
			productType = "com.apple.product-type.bundle.unit-test";
		};
		BD5ECFA21E28EF0300E33615 /* TechMonUITests */ = {
			isa = PBXNativeTarget;
			buildConfigurationList = BD5ECFB21E28EF0300E33615 /* Build configuration list for PBXNativeTarget "TechMonUITests" */;
			buildPhases = (
				BD5ECF9F1E28EF0300E33615 /* Sources */,
				BD5ECFA01E28EF0300E33615 /* Frameworks */,
				BD5ECFA11E28EF0300E33615 /* Resources */,
			);
			buildRules = (
			);
			dependencies = (
				BD5ECFA51E28EF0300E33615 /* PBXTargetDependency */,
			);
			name = TechMonUITests;
			productName = TechMonUITests;
			productReference = BD5ECFA31E28EF0300E33615 /* TechMonUITests.xctest */;
			productType = "com.apple.product-type.bundle.ui-testing";
		};
/* End PBXNativeTarget section */

/* Begin PBXProject section */
		BD5ECF7C1E28EF0200E33615 /* Project object */ = {
			isa = PBXProject;
			attributes = {
				LastSwiftUpdateCheck = 0810;
				LastUpgradeCheck = 0810;
				ORGANIZATIONNAME = "Syunya Toyofuku";
				TargetAttributes = {
					BD5ECF831E28EF0200E33615 = {
						CreatedOnToolsVersion = 8.1;
						DevelopmentTeam = V5B67AWSPA;
						ProvisioningStyle = Automatic;
					};
					BD5ECF971E28EF0300E33615 = {
						CreatedOnToolsVersion = 8.1;
						DevelopmentTeam = V5B67AWSPA;
						ProvisioningStyle = Automatic;
						TestTargetID = BD5ECF831E28EF0200E33615;
					};
					BD5ECFA21E28EF0300E33615 = {
						CreatedOnToolsVersion = 8.1;
						DevelopmentTeam = V5B67AWSPA;
						ProvisioningStyle = Automatic;
						TestTargetID = BD5ECF831E28EF0200E33615;
					};
				};
			};
			buildConfigurationList = BD5ECF7F1E28EF0200E33615 /* Build configuration list for PBXProject "TechMon" */;
			compatibilityVersion = "Xcode 3.2";
			developmentRegion = English;
			hasScannedForEncodings = 0;
			knownRegions = (
				en,
				Base,
			);
			mainGroup = BD5ECF7B1E28EF0200E33615;
			productRefGroup = BD5ECF851E28EF0300E33615 /* Products */;
			projectDirPath = "";
			projectRoot = "";
			targets = (
				BD5ECF831E28EF0200E33615 /* TechMon */,
				BD5ECF971E28EF0300E33615 /* TechMonTests */,
				BD5ECFA21E28EF0300E33615 /* TechMonUITests */,
			);
		};
/* End PBXProject section */

/* Begin PBXResourcesBuildPhase section */
		BD5ECF821E28EF0200E33615 /* Resources */ = {
			isa = PBXResourcesBuildPhase;
			buildActionMask = 2147483647;
			files = (
				BD5ECF921E28EF0300E33615 /* LaunchScreen.storyboard in Resources */,
				BD5ECF8F1E28EF0300E33615 /* Assets.xcassets in Resources */,
				BD5ECF8D1E28EF0300E33615 /* Main.storyboard in Resources */,
			);
			runOnlyForDeploymentPostprocessing = 0;
		};
		BD5ECF961E28EF0300E33615 /* Resources */ = {
			isa = PBXResourcesBuildPhase;
			buildActionMask = 2147483647;
			files = (
			);
			runOnlyForDeploymentPostprocessing = 0;
		};
		BD5ECFA11E28EF0300E33615 /* Resources */ = {
			isa = PBXResourcesBuildPhase;
			buildActionMask = 2147483647;
			files = (
			);
			runOnlyForDeploymentPostprocessing = 0;
		};
/* End PBXResourcesBuildPhase section */

/* Begin PBXSourcesBuildPhase section */
		BD5ECF801E28EF0200E33615 /* Sources */ = {
			isa = PBXSourcesBuildPhase;
			buildActionMask = 2147483647;
			files = (
				BD5ECF8A1E28EF0300E33615 /* ViewController.swift in Sources */,
				BD5ECF881E28EF0300E33615 /* AppDelegate.swift in Sources */,
			);
			runOnlyForDeploymentPostprocessing = 0;
		};
		BD5ECF941E28EF0300E33615 /* Sources */ = {
			isa = PBXSourcesBuildPhase;
			buildActionMask = 2147483647;
			files = (
				BD5ECF9D1E28EF0300E33615 /* TechMonTests.swift in Sources */,
			);
			runOnlyForDeploymentPostprocessing = 0;
		};
		BD5ECF9F1E28EF0300E33615 /* Sources */ = {
			isa = PBXSourcesBuildPhase;
			buildActionMask = 2147483647;
			files = (
				BD5ECFA81E28EF0300E33615 /* TechMonUITests.swift in Sources */,
			);
			runOnlyForDeploymentPostprocessing = 0;
		};
/* End PBXSourcesBuildPhase section */

/* Begin PBXTargetDependency section */
		BD5ECF9A1E28EF0300E33615 /* PBXTargetDependency */ = {
			isa = PBXTargetDependency;
			target = BD5ECF831E28EF0200E33615 /* TechMon */;
			targetProxy = BD5ECF991E28EF0300E33615 /* PBXContainerItemProxy */;
		};
		BD5ECFA51E28EF0300E33615 /* PBXTargetDependency */ = {
			isa = PBXTargetDependency;
			target = BD5ECF831E28EF0200E33615 /* TechMon */;
			targetProxy = BD5ECFA41E28EF0300E33615 /* PBXContainerItemProxy */;
		};
/* End PBXTargetDependency section */

/* Begin PBXVariantGroup section */
		BD5ECF8B1E28EF0300E33615 /* Main.storyboard */ = {
			isa = PBXVariantGroup;
			children = (
				BD5ECF8C1E28EF0300E33615 /* Base */,
			);
			name = Main.storyboard;
			sourceTree = "<group>";
		};
		BD5ECF901E28EF0300E33615 /* LaunchScreen.storyboard */ = {
			isa = PBXVariantGroup;
			children = (
				BD5ECF911E28EF0300E33615 /* Base */,
			);
			name = LaunchScreen.storyboard;
			sourceTree = "<group>";
		};
/* End PBXVariantGroup section */

/* Begin XCBuildConfiguration section */
		BD5ECFAA1E28EF0300E33615 /* Debug */ = {
			isa = XCBuildConfiguration;
			buildSettings = {
				ALWAYS_SEARCH_USER_PATHS = NO;
				CLANG_ANALYZER_NONNULL = YES;
				CLANG_CXX_LANGUAGE_STANDARD = "gnu++0x";
				CLANG_CXX_LIBRARY = "libc++";
				CLANG_ENABLE_MODULES = YES;
				CLANG_ENABLE_OBJC_ARC = YES;
				CLANG_WARN_BOOL_CONVERSION = YES;
				CLANG_WARN_CONSTANT_CONVERSION = YES;
				CLANG_WARN_DIRECT_OBJC_ISA_USAGE = YES_ERROR;
				CLANG_WARN_DOCUMENTATION_COMMENTS = YES;
				CLANG_WARN_EMPTY_BODY = YES;
				CLANG_WARN_ENUM_CONVERSION = YES;
				CLANG_WARN_INFINITE_RECURSION = YES;
				CLANG_WARN_INT_CONVERSION = YES;
				CLANG_WARN_OBJC_ROOT_CLASS = YES_ERROR;
				CLANG_WARN_SUSPICIOUS_MOVES = YES;
				CLANG_WARN_UNREACHABLE_CODE = YES;
				CLANG_WARN__DUPLICATE_METHOD_MATCH = YES;
				"CODE_SIGN_IDENTITY[sdk=iphoneos*]" = "iPhone Developer";
				COPY_PHASE_STRIP = NO;
				DEBUG_INFORMATION_FORMAT = dwarf;
				ENABLE_STRICT_OBJC_MSGSEND = YES;
				ENABLE_TESTABILITY = YES;
				GCC_C_LANGUAGE_STANDARD = gnu99;
				GCC_DYNAMIC_NO_PIC = NO;
				GCC_NO_COMMON_BLOCKS = YES;
				GCC_OPTIMIZATION_LEVEL = 0;
				GCC_PREPROCESSOR_DEFINITIONS = (
					"DEBUG=1",
					"$(inherited)",
				);
				GCC_WARN_64_TO_32_BIT_CONVERSION = YES;
				GCC_WARN_ABOUT_RETURN_TYPE = YES_ERROR;
				GCC_WARN_UNDECLARED_SELECTOR = YES;
				GCC_WARN_UNINITIALIZED_AUTOS = YES_AGGRESSIVE;
				GCC_WARN_UNUSED_FUNCTION = YES;
				GCC_WARN_UNUSED_VARIABLE = YES;
				IPHONEOS_DEPLOYMENT_TARGET = 10.1;
				MTL_ENABLE_DEBUG_INFO = YES;
				ONLY_ACTIVE_ARCH = YES;
				SDKROOT = iphoneos;
				SWIFT_ACTIVE_COMPILATION_CONDITIONS = DEBUG;
				SWIFT_OPTIMIZATION_LEVEL = "-Onone";
			};
			name = Debug;
		};
		BD5ECFAB1E28EF0300E33615 /* Release */ = {
			isa = XCBuildConfiguration;
			buildSettings = {
				ALWAYS_SEARCH_USER_PATHS = NO;
				CLANG_ANALYZER_NONNULL = YES;
				CLANG_CXX_LANGUAGE_STANDARD = "gnu++0x";
				CLANG_CXX_LIBRARY = "libc++";
				CLANG_ENABLE_MODULES = YES;
				CLANG_ENABLE_OBJC_ARC = YES;
				CLANG_WARN_BOOL_CONVERSION = YES;
				CLANG_WARN_CONSTANT_CONVERSION = YES;
				CLANG_WARN_DIRECT_OBJC_ISA_USAGE = YES_ERROR;
				CLANG_WARN_DOCUMENTATION_COMMENTS = YES;
				CLANG_WARN_EMPTY_BODY = YES;
				CLANG_WARN_ENUM_CONVERSION = YES;
				CLANG_WARN_INFINITE_RECURSION = YES;
				CLANG_WARN_INT_CONVERSION = YES;
				CLANG_WARN_OBJC_ROOT_CLASS = YES_ERROR;
				CLANG_WARN_SUSPICIOUS_MOVES = YES;
				CLANG_WARN_UNREACHABLE_CODE = YES;
				CLANG_WARN__DUPLICATE_METHOD_MATCH = YES;
				"CODE_SIGN_IDENTITY[sdk=iphoneos*]" = "iPhone Developer";
				COPY_PHASE_STRIP = NO;
				DEBUG_INFORMATION_FORMAT = "dwarf-with-dsym";
				ENABLE_NS_ASSERTIONS = NO;
				ENABLE_STRICT_OBJC_MSGSEND = YES;
				GCC_C_LANGUAGE_STANDARD = gnu99;
				GCC_NO_COMMON_BLOCKS = YES;
				GCC_WARN_64_TO_32_BIT_CONVERSION = YES;
				GCC_WARN_ABOUT_RETURN_TYPE = YES_ERROR;
				GCC_WARN_UNDECLARED_SELECTOR = YES;
				GCC_WARN_UNINITIALIZED_AUTOS = YES_AGGRESSIVE;
				GCC_WARN_UNUSED_FUNCTION = YES;
				GCC_WARN_UNUSED_VARIABLE = YES;
				IPHONEOS_DEPLOYMENT_TARGET = 10.1;
				MTL_ENABLE_DEBUG_INFO = NO;
				SDKROOT = iphoneos;
				SWIFT_OPTIMIZATION_LEVEL = "-Owholemodule";
				VALIDATE_PRODUCT = YES;
			};
			name = Release;
		};
		BD5ECFAD1E28EF0300E33615 /* Debug */ = {
			isa = XCBuildConfiguration;
			buildSettings = {
				ASSETCATALOG_COMPILER_APPICON_NAME = AppIcon;
				DEVELOPMENT_TEAM = V5B67AWSPA;
				INFOPLIST_FILE = TechMon/Info.plist;
				LD_RUNPATH_SEARCH_PATHS = "$(inherited) @executable_path/Frameworks";
				PRODUCT_BUNDLE_IDENTIFIER = com.litech.TechMon;
				PRODUCT_NAME = "$(TARGET_NAME)";
				SWIFT_VERSION = 3.0;
			};
			name = Debug;
		};
		BD5ECFAE1E28EF0300E33615 /* Release */ = {
			isa = XCBuildConfiguration;
			buildSettings = {
				ASSETCATALOG_COMPILER_APPICON_NAME = AppIcon;
				DEVELOPMENT_TEAM = V5B67AWSPA;
				INFOPLIST_FILE = TechMon/Info.plist;
				LD_RUNPATH_SEARCH_PATHS = "$(inherited) @executable_path/Frameworks";
				PRODUCT_BUNDLE_IDENTIFIER = com.litech.TechMon;
				PRODUCT_NAME = "$(TARGET_NAME)";
				SWIFT_VERSION = 3.0;
			};
			name = Release;
		};
		BD5ECFB01E28EF0300E33615 /* Debug */ = {
			isa = XCBuildConfiguration;
			buildSettings = {
				ALWAYS_EMBED_SWIFT_STANDARD_LIBRARIES = YES;
				BUNDLE_LOADER = "$(TEST_HOST)";
				DEVELOPMENT_TEAM = V5B67AWSPA;
				INFOPLIST_FILE = TechMonTests/Info.plist;
				LD_RUNPATH_SEARCH_PATHS = "$(inherited) @executable_path/Frameworks @loader_path/Frameworks";
				PRODUCT_BUNDLE_IDENTIFIER = com.litech.TechMonTests;
				PRODUCT_NAME = "$(TARGET_NAME)";
				SWIFT_VERSION = 3.0;
				TEST_HOST = "$(BUILT_PRODUCTS_DIR)/TechMon.app/TechMon";
			};
			name = Debug;
		};
		BD5ECFB11E28EF0300E33615 /* Release */ = {
			isa = XCBuildConfiguration;
			buildSettings = {
				ALWAYS_EMBED_SWIFT_STANDARD_LIBRARIES = YES;
				BUNDLE_LOADER = "$(TEST_HOST)";
				DEVELOPMENT_TEAM = V5B67AWSPA;
				INFOPLIST_FILE = TechMonTests/Info.plist;
				LD_RUNPATH_SEARCH_PATHS = "$(inherited) @executable_path/Frameworks @loader_path/Frameworks";
				PRODUCT_BUNDLE_IDENTIFIER = com.litech.TechMonTests;
				PRODUCT_NAME = "$(TARGET_NAME)";
				SWIFT_VERSION = 3.0;
				TEST_HOST = "$(BUILT_PRODUCTS_DIR)/TechMon.app/TechMon";
			};
			name = Release;
		};
		BD5ECFB31E28EF0300E33615 /* Debug */ = {
			isa = XCBuildConfiguration;
			buildSettings = {
				ALWAYS_EMBED_SWIFT_STANDARD_LIBRARIES = YES;
				DEVELOPMENT_TEAM = V5B67AWSPA;
				INFOPLIST_FILE = TechMonUITests/Info.plist;
				LD_RUNPATH_SEARCH_PATHS = "$(inherited) @executable_path/Frameworks @loader_path/Frameworks";
				PRODUCT_BUNDLE_IDENTIFIER = com.litech.TechMonUITests;
				PRODUCT_NAME = "$(TARGET_NAME)";
				SWIFT_VERSION = 3.0;
				TEST_TARGET_NAME = TechMon;
			};
			name = Debug;
		};
		BD5ECFB41E28EF0300E33615 /* Release */ = {
			isa = XCBuildConfiguration;
			buildSettings = {
				ALWAYS_EMBED_SWIFT_STANDARD_LIBRARIES = YES;
				DEVELOPMENT_TEAM = V5B67AWSPA;
				INFOPLIST_FILE = TechMonUITests/Info.plist;
				LD_RUNPATH_SEARCH_PATHS = "$(inherited) @executable_path/Frameworks @loader_path/Frameworks";
				PRODUCT_BUNDLE_IDENTIFIER = com.litech.TechMonUITests;
				PRODUCT_NAME = "$(TARGET_NAME)";
				SWIFT_VERSION = 3.0;
				TEST_TARGET_NAME = TechMon;
			};
			name = Release;
		};
/* End XCBuildConfiguration section */

/* Begin XCConfigurationList section */
		BD5ECF7F1E28EF0200E33615 /* Build configuration list for PBXProject "TechMon" */ = {
			isa = XCConfigurationList;
			buildConfigurations = (
				BD5ECFAA1E28EF0300E33615 /* Debug */,
				BD5ECFAB1E28EF0300E33615 /* Release */,
			);
			defaultConfigurationIsVisible = 0;
			defaultConfigurationName = Release;
		};
		BD5ECFAC1E28EF0300E33615 /* Build configuration list for PBXNativeTarget "TechMon" */ = {
			isa = XCConfigurationList;
			buildConfigurations = (
				BD5ECFAD1E28EF0300E33615 /* Debug */,
				BD5ECFAE1E28EF0300E33615 /* Release */,
			);
			defaultConfigurationIsVisible = 0;
		};
		BD5ECFAF1E28EF0300E33615 /* Build configuration list for PBXNativeTarget "TechMonTests" */ = {
			isa = XCConfigurationList;
			buildConfigurations = (
				BD5ECFB01E28EF0300E33615 /* Debug */,
				BD5ECFB11E28EF0300E33615 /* Release */,
			);
			defaultConfigurationIsVisible = 0;
		};
		BD5ECFB21E28EF0300E33615 /* Build configuration list for PBXNativeTarget "TechMonUITests" */ = {
			isa = XCConfigurationList;
			buildConfigurations = (
				BD5ECFB31E28EF0300E33615 /* Debug */,
				BD5ECFB41E28EF0300E33615 /* Release */,
			);
			defaultConfigurationIsVisible = 0;
		};
/* End XCConfigurationList section */
	};
	rootObject = BD5ECF7C1E28EF0200E33615 /* Project object */;
}
